// !$*UTF8*$!
{
	archiveVersion = 1;
	classes = {
	};
	objectVersion = 56;
	objects = {

/* Begin PBXBuildFile section */
		9763E6C928F75C99009E6E90 /* GenerateQRCodeSampleApp.swift in Sources */ = {isa = PBXBuildFile; fileRef = 9763E6C828F75C99009E6E90 /* GenerateQRCodeSampleApp.swift */; };
		9763E6CB28F75C99009E6E90 /* ContentView.swift in Sources */ = {isa = PBXBuildFile; fileRef = 9763E6CA28F75C99009E6E90 /* ContentView.swift */; };
		9763E6CD28F75C9B009E6E90 /* Assets.xcassets in Resources */ = {isa = PBXBuildFile; fileRef = 9763E6CC28F75C9B009E6E90 /* Assets.xcassets */; };
		9763E6D028F75C9B009E6E90 /* Preview Assets.xcassets in Resources */ = {isa = PBXBuildFile; fileRef = 9763E6CF28F75C9B009E6E90 /* Preview Assets.xcassets */; };
		9763E6D728F76F91009E6E90 /* QRCodeGenerator.swift in Sources */ = {isa = PBXBuildFile; fileRef = 9763E6D628F76F91009E6E90 /* QRCodeGenerator.swift */; };
		9763E6D928F7704F009E6E90 /* ReloadButton.swift in Sources */ = {isa = PBXBuildFile; fileRef = 9763E6D828F7704F009E6E90 /* ReloadButton.swift */; };
		9763E6DE28F85107009E6E90 /* UIImage+Composited.swift in Sources */ = {isa = PBXBuildFile; fileRef = 9763E6DD28F85107009E6E90 /* UIImage+Composited.swift */; };
		9763E6E328F855C7009E6E90 /* PhotoSaver.swift in Sources */ = {isa = PBXBuildFile; fileRef = 9763E6E228F855C7009E6E90 /* PhotoSaver.swift */; };
/* End PBXBuildFile section */

/* Begin PBXFileReference section */
		9763E6C528F75C99009E6E90 /* GenerateQRCodeSample.app */ = {isa = PBXFileReference; explicitFileType = wrapper.application; includeInIndex = 0; path = GenerateQRCodeSample.app; sourceTree = BUILT_PRODUCTS_DIR; };
		9763E6C828F75C99009E6E90 /* GenerateQRCodeSampleApp.swift */ = {isa = PBXFileReference; lastKnownFileType = sourcecode.swift; path = GenerateQRCodeSampleApp.swift; sourceTree = "<group>"; };
		9763E6CA28F75C99009E6E90 /* ContentView.swift */ = {isa = PBXFileReference; lastKnownFileType = sourcecode.swift; path = ContentView.swift; sourceTree = "<group>"; };
		9763E6CC28F75C9B009E6E90 /* Assets.xcassets */ = {isa = PBXFileReference; lastKnownFileType = folder.assetcatalog; path = Assets.xcassets; sourceTree = "<group>"; };
		9763E6CF28F75C9B009E6E90 /* Preview Assets.xcassets */ = {isa = PBXFileReference; lastKnownFileType = folder.assetcatalog; path = "Preview Assets.xcassets"; sourceTree = "<group>"; };
		9763E6D628F76F91009E6E90 /* QRCodeGenerator.swift */ = {isa = PBXFileReference; lastKnownFileType = sourcecode.swift; path = QRCodeGenerator.swift; sourceTree = "<group>"; };
		9763E6D828F7704F009E6E90 /* ReloadButton.swift */ = {isa = PBXFileReference; lastKnownFileType = sourcecode.swift; path = ReloadButton.swift; sourceTree = "<group>"; };
		9763E6DA28F77113009E6E90 /* Info.plist */ = {isa = PBXFileReference; lastKnownFileType = text.plist; path = Info.plist; sourceTree = "<group>"; };
		9763E6DD28F85107009E6E90 /* UIImage+Composited.swift */ = {isa = PBXFileReference; lastKnownFileType = sourcecode.swift; path = "UIImage+Composited.swift"; sourceTree = "<group>"; };
		9763E6E228F855C7009E6E90 /* PhotoSaver.swift */ = {isa = PBXFileReference; lastKnownFileType = sourcecode.swift; path = PhotoSaver.swift; sourceTree = "<group>"; };
/* End PBXFileReference section */

/* Begin PBXFrameworksBuildPhase section */
		9763E6C228F75C99009E6E90 /* Frameworks */ = {
			isa = PBXFrameworksBuildPhase;
			buildActionMask = 2147483647;
			files = (
			);
			runOnlyForDeploymentPostprocessing = 0;
		};
/* End PBXFrameworksBuildPhase section */

/* Begin PBXGroup section */
		9763E6BC28F75C99009E6E90 = {
			isa = PBXGroup;
			children = (
				9763E6C728F75C99009E6E90 /* GenerateQRCodeSample */,
				9763E6C628F75C99009E6E90 /* Products */,
			);
			sourceTree = "<group>";
		};
		9763E6C628F75C99009E6E90 /* Products */ = {
			isa = PBXGroup;
			children = (
				9763E6C528F75C99009E6E90 /* GenerateQRCodeSample.app */,
			);
			name = Products;
			sourceTree = "<group>";
		};
		9763E6C728F75C99009E6E90 /* GenerateQRCodeSample */ = {
			isa = PBXGroup;
			children = (
				9763E6DA28F77113009E6E90 /* Info.plist */,
				9763E6C828F75C99009E6E90 /* GenerateQRCodeSampleApp.swift */,
				9763E6DF28F85136009E6E90 /* View */,
				9763E6E028F8514C009E6E90 /* Model */,
				9763E6E128F85153009E6E90 /* Extension */,
				9763E6CC28F75C9B009E6E90 /* Assets.xcassets */,
				9763E6CE28F75C9B009E6E90 /* Preview Content */,
			);
			path = GenerateQRCodeSample;
			sourceTree = "<group>";
		};
		9763E6CE28F75C9B009E6E90 /* Preview Content */ = {
			isa = PBXGroup;
			children = (
				9763E6CF28F75C9B009E6E90 /* Preview Assets.xcassets */,
			);
			path = "Preview Content";
			sourceTree = "<group>";
		};
		9763E6DF28F85136009E6E90 /* View */ = {
			isa = PBXGroup;
			children = (
				9763E6CA28F75C99009E6E90 /* ContentView.swift */,
				9763E6D828F7704F009E6E90 /* ReloadButton.swift */,
			);
			path = View;
			sourceTree = "<group>";
		};
		9763E6E028F8514C009E6E90 /* Model */ = {
			isa = PBXGroup;
			children = (
				9763E6D628F76F91009E6E90 /* QRCodeGenerator.swift */,
				9763E6E228F855C7009E6E90 /* PhotoSaver.swift */,
			);
			path = Model;
			sourceTree = "<group>";
		};
		9763E6E128F85153009E6E90 /* Extension */ = {
			isa = PBXGroup;
			children = (
				9763E6DD28F85107009E6E90 /* UIImage+Composited.swift */,
			);
			path = Extension;
			sourceTree = "<group>";
		};
/* End PBXGroup section */

/* Begin PBXNativeTarget section */
		9763E6C428F75C99009E6E90 /* GenerateQRCodeSample */ = {
			isa = PBXNativeTarget;
			buildConfigurationList = 9763E6D328F75C9B009E6E90 /* Build configuration list for PBXNativeTarget "GenerateQRCodeSample" */;
			buildPhases = (
				9763E6C128F75C99009E6E90 /* Sources */,
				9763E6C228F75C99009E6E90 /* Frameworks */,
				9763E6C328F75C99009E6E90 /* Resources */,
			);
			buildRules = (
			);
			dependencies = (
			);
			name = GenerateQRCodeSample;
			productName = GenerateQRCodeSample;
			productReference = 9763E6C528F75C99009E6E90 /* GenerateQRCodeSample.app */;
			productType = "com.apple.product-type.application";
		};
/* End PBXNativeTarget section */

/* Begin PBXProject section */
		9763E6BD28F75C99009E6E90 /* Project object */ = {
			isa = PBXProject;
			attributes = {
				BuildIndependentTargetsInParallel = 1;
				LastSwiftUpdateCheck = 1400;
				LastUpgradeCheck = 1400;
				TargetAttributes = {
					9763E6C428F75C99009E6E90 = {
						CreatedOnToolsVersion = 14.0;
					};
				};
			};
			buildConfigurationList = 9763E6C028F75C99009E6E90 /* Build configuration list for PBXProject "GenerateQRCodeSample" */;
			compatibilityVersion = "Xcode 14.0";
			developmentRegion = en;
			hasScannedForEncodings = 0;
			knownRegions = (
				en,
				Base,
			);
			mainGroup = 9763E6BC28F75C99009E6E90;
			productRefGroup = 9763E6C628F75C99009E6E90 /* Products */;
			projectDirPath = "";
			projectRoot = "";
			targets = (
				9763E6C428F75C99009E6E90 /* GenerateQRCodeSample */,
			);
		};
/* End PBXProject section */

/* Begin PBXResourcesBuildPhase section */
		9763E6C328F75C99009E6E90 /* Resources */ = {
			isa = PBXResourcesBuildPhase;
			buildActionMask = 2147483647;
			files = (
				9763E6D028F75C9B009E6E90 /* Preview Assets.xcassets in Resources */,
				9763E6CD28F75C9B009E6E90 /* Assets.xcassets in Resources */,
			);
			runOnlyForDeploymentPostprocessing = 0;
		};
/* End PBXResourcesBuildPhase section */

/* Begin PBXSourcesBuildPhase section */
		9763E6C128F75C99009E6E90 /* Sources */ = {
			isa = PBXSourcesBuildPhase;
			buildActionMask = 2147483647;
			files = (
				9763E6DE28F85107009E6E90 /* UIImage+Composited.swift in Sources */,
				9763E6D928F7704F009E6E90 /* ReloadButton.swift in Sources */,
				9763E6CB28F75C99009E6E90 /* ContentView.swift in Sources */,
				9763E6D728F76F91009E6E90 /* QRCodeGenerator.swift in Sources */,
				9763E6E328F855C7009E6E90 /* PhotoSaver.swift in Sources */,
				9763E6C928F75C99009E6E90 /* GenerateQRCodeSampleApp.swift in Sources */,
			);
			runOnlyForDeploymentPostprocessing = 0;
		};
/* End PBXSourcesBuildPhase section */

/* Begin XCBuildConfiguration section */
		9763E6D128F75C9B009E6E90 /* Debug */ = {
			isa = XCBuildConfiguration;
			buildSettings = {
				ALWAYS_SEARCH_USER_PATHS = NO;
				CLANG_ANALYZER_NONNULL = YES;
				CLANG_ANALYZER_NUMBER_OBJECT_CONVERSION = YES_AGGRESSIVE;
				CLANG_CXX_LANGUAGE_STANDARD = "gnu++20";
				CLANG_ENABLE_MODULES = YES;
				CLANG_ENABLE_OBJC_ARC = YES;
				CLANG_ENABLE_OBJC_WEAK = YES;
				CLANG_WARN_BLOCK_CAPTURE_AUTORELEASING = YES;
				CLANG_WARN_BOOL_CONVERSION = YES;
				CLANG_WARN_COMMA = YES;
				CLANG_WARN_CONSTANT_CONVERSION = YES;
				CLANG_WARN_DEPRECATED_OBJC_IMPLEMENTATIONS = YES;
				CLANG_WARN_DIRECT_OBJC_ISA_USAGE = YES_ERROR;
				CLANG_WARN_DOCUMENTATION_COMMENTS = YES;
				CLANG_WARN_EMPTY_BODY = YES;
				CLANG_WARN_ENUM_CONVERSION = YES;
				CLANG_WARN_INFINITE_RECURSION = YES;
				CLANG_WARN_INT_CONVERSION = YES;
				CLANG_WARN_NON_LITERAL_NULL_CONVERSION = YES;
				CLANG_WARN_OBJC_IMPLICIT_RETAIN_SELF = YES;
				CLANG_WARN_OBJC_LITERAL_CONVERSION = YES;
				CLANG_WARN_OBJC_ROOT_CLASS = YES_ERROR;
				CLANG_WARN_QUOTED_INCLUDE_IN_FRAMEWORK_HEADER = YES;
				CLANG_WARN_RANGE_LOOP_ANALYSIS = YES;
				CLANG_WARN_STRICT_PROTOTYPES = YES;
				CLANG_WARN_SUSPICIOUS_MOVE = YES;
				CLANG_WARN_UNGUARDED_AVAILABILITY = YES_AGGRESSIVE;
				CLANG_WARN_UNREACHABLE_CODE = YES;
				CLANG_WARN__DUPLICATE_METHOD_MATCH = YES;
				COPY_PHASE_STRIP = NO;
				DEBUG_INFORMATION_FORMAT = dwarf;
				ENABLE_STRICT_OBJC_MSGSEND = YES;
				ENABLE_TESTABILITY = YES;
				GCC_C_LANGUAGE_STANDARD = gnu11;
				GCC_DYNAMIC_NO_PIC = NO;
				GCC_NO_COMMON_BLOCKS = YES;
				GCC_OPTIMIZATION_LEVEL = 0;
				GCC_PREPROCESSOR_DEFINITIONS = (
					"DEBUG=1",
					"$(inherited)",
				);
				GCC_WARN_64_TO_32_BIT_CONVERSION = YES;
				GCC_WARN_ABOUT_RETURN_TYPE = YES_ERROR;
				GCC_WARN_UNDECLARED_SELECTOR = YES;
				GCC_WARN_UNINITIALIZED_AUTOS = YES_AGGRESSIVE;
				GCC_WARN_UNUSED_FUNCTION = YES;
				GCC_WARN_UNUSED_VARIABLE = YES;
				IPHONEOS_DEPLOYMENT_TARGET = 16.0;
				MTL_ENABLE_DEBUG_INFO = INCLUDE_SOURCE;
				MTL_FAST_MATH = YES;
				ONLY_ACTIVE_ARCH = YES;
				SDKROOT = iphoneos;
				SWIFT_ACTIVE_COMPILATION_CONDITIONS = DEBUG;
				SWIFT_OPTIMIZATION_LEVEL = "-Onone";
			};
			name = Debug;
		};
		9763E6D228F75C9B009E6E90 /* Release */ = {
			isa = XCBuildConfiguration;
			buildSettings = {
				ALWAYS_SEARCH_USER_PATHS = NO;
				CLANG_ANALYZER_NONNULL = YES;
				CLANG_ANALYZER_NUMBER_OBJECT_CONVERSION = YES_AGGRESSIVE;
				CLANG_CXX_LANGUAGE_STANDARD = "gnu++20";
				CLANG_ENABLE_MODULES = YES;
				CLANG_ENABLE_OBJC_ARC = YES;
				CLANG_ENABLE_OBJC_WEAK = YES;
				CLANG_WARN_BLOCK_CAPTURE_AUTORELEASING = YES;
				CLANG_WARN_BOOL_CONVERSION = YES;
				CLANG_WARN_COMMA = YES;
				CLANG_WARN_CONSTANT_CONVERSION = YES;
				CLANG_WARN_DEPRECATED_OBJC_IMPLEMENTATIONS = YES;
				CLANG_WARN_DIRECT_OBJC_ISA_USAGE = YES_ERROR;
				CLANG_WARN_DOCUMENTATION_COMMENTS = YES;
				CLANG_WARN_EMPTY_BODY = YES;
				CLANG_WARN_ENUM_CONVERSION = YES;
				CLANG_WARN_INFINITE_RECURSION = YES;
				CLANG_WARN_INT_CONVERSION = YES;
				CLANG_WARN_NON_LITERAL_NULL_CONVERSION = YES;
				CLANG_WARN_OBJC_IMPLICIT_RETAIN_SELF = YES;
				CLANG_WARN_OBJC_LITERAL_CONVERSION = YES;
				CLANG_WARN_OBJC_ROOT_CLASS = YES_ERROR;
				CLANG_WARN_QUOTED_INCLUDE_IN_FRAMEWORK_HEADER = YES;
				CLANG_WARN_RANGE_LOOP_ANALYSIS = YES;
				CLANG_WARN_STRICT_PROTOTYPES = YES;
				CLANG_WARN_SUSPICIOUS_MOVE = YES;
				CLANG_WARN_UNGUARDED_AVAILABILITY = YES_AGGRESSIVE;
				CLANG_WARN_UNREACHABLE_CODE = YES;
				CLANG_WARN__DUPLICATE_METHOD_MATCH = YES;
				COPY_PHASE_STRIP = NO;
				DEBUG_INFORMATION_FORMAT = "dwarf-with-dsym";
				ENABLE_NS_ASSERTIONS = NO;
				ENABLE_STRICT_OBJC_MSGSEND = YES;
				GCC_C_LANGUAGE_STANDARD = gnu11;
				GCC_NO_COMMON_BLOCKS = YES;
				GCC_WARN_64_TO_32_BIT_CONVERSION = YES;
				GCC_WARN_ABOUT_RETURN_TYPE = YES_ERROR;
				GCC_WARN_UNDECLARED_SELECTOR = YES;
				GCC_WARN_UNINITIALIZED_AUTOS = YES_AGGRESSIVE;
				GCC_WARN_UNUSED_FUNCTION = YES;
				GCC_WARN_UNUSED_VARIABLE = YES;
				IPHONEOS_DEPLOYMENT_TARGET = 16.0;
				MTL_ENABLE_DEBUG_INFO = NO;
				MTL_FAST_MATH = YES;
				SDKROOT = iphoneos;
				SWIFT_COMPILATION_MODE = wholemodule;
				SWIFT_OPTIMIZATION_LEVEL = "-O";
				VALIDATE_PRODUCT = YES;
			};
			name = Release;
		};
		9763E6D428F75C9B009E6E90 /* Debug */ = {
			isa = XCBuildConfiguration;
			buildSettings = {
				ASSETCATALOG_COMPILER_APPICON_NAME = AppIcon;
				ASSETCATALOG_COMPILER_GLOBAL_ACCENT_COLOR_NAME = AccentColor;
				CODE_SIGN_STYLE = Automatic;
				CURRENT_PROJECT_VERSION = 1;
				DEVELOPMENT_ASSET_PATHS = "\"GenerateQRCodeSample/Preview Content\"";
				DEVELOPMENT_TEAM = 2V4975L824;
				ENABLE_PREVIEWS = YES;
				GENERATE_INFOPLIST_FILE = YES;
				INFOPLIST_FILE = GenerateQRCodeSample/Info.plist;
				INFOPLIST_KEY_NSPhotoLibraryAddUsageDescription = "Save QR code in Your Photo Library";
				INFOPLIST_KEY_UIApplicationSceneManifest_Generation = YES;
				INFOPLIST_KEY_UIApplicationSupportsIndirectInputEvents = YES;
				INFOPLIST_KEY_UILaunchScreen_Generation = YES;
				INFOPLIST_KEY_UIStatusBarHidden = YES;
				INFOPLIST_KEY_UISupportedInterfaceOrientations_iPad = "UIInterfaceOrientationPortrait UIInterfaceOrientationPortraitUpsideDown UIInterfaceOrientationLandscapeLeft UIInterfaceOrientationLandscapeRight";
				INFOPLIST_KEY_UISupportedInterfaceOrientations_iPhone = "UIInterfaceOrientationPortrait UIInterfaceOrientationLandscapeLeft UIInterfaceOrientationLandscapeRight";
				LD_RUNPATH_SEARCH_PATHS = (
					"$(inherited)",
					"@executable_path/Frameworks",
				);
				MARKETING_VERSION = 1.0;
				PRODUCT_BUNDLE_IDENTIFIER = jp.co.hotmail.lilossa.GenerateQRCodeSample;
				PRODUCT_NAME = "$(TARGET_NAME)";
				SWIFT_EMIT_LOC_STRINGS = YES;
				SWIFT_VERSION = 5.0;
				TARGETED_DEVICE_FAMILY = "1,2";
			};
			name = Debug;
		};
		9763E6D528F75C9B009E6E90 /* Release */ = {
			isa = XCBuildConfiguration;
			buildSettings = {
				ASSETCATALOG_COMPILER_APPICON_NAME = AppIcon;
				ASSETCATALOG_COMPILER_GLOBAL_ACCENT_COLOR_NAME = AccentColor;
				CODE_SIGN_STYLE = Automatic;
				CURRENT_PROJECT_VERSION = 1;
				DEVELOPMENT_ASSET_PATHS = "\"GenerateQRCodeSample/Preview Content\"";
				DEVELOPMENT_TEAM = 2V4975L824;
				ENABLE_PREVIEWS = YES;
				GENERATE_INFOPLIST_FILE = YES;
				INFOPLIST_FILE = GenerateQRCodeSample/Info.plist;
				INFOPLIST_KEY_NSPhotoLibraryAddUsageDescription = "Save QR code in Your Photo Library";
				INFOPLIST_KEY_UIApplicationSceneManifest_Generation = YES;
				INFOPLIST_KEY_UIApplicationSupportsIndirectInputEvents = YES;
				INFOPLIST_KEY_UILaunchScreen_Generation = YES;
				INFOPLIST_KEY_UIStatusBarHidden = YES;
				INFOPLIST_KEY_UISupportedInterfaceOrientations_iPad = "UIInterfaceOrientationPortrait UIInterfaceOrientationPortraitUpsideDown UIInterfaceOrientationLandscapeLeft UIInterfaceOrientationLandscapeRight";
				INFOPLIST_KEY_UISupportedInterfaceOrientations_iPhone = "UIInterfaceOrientationPortrait UIInterfaceOrientationLandscapeLeft UIInterfaceOrientationLandscapeRight";
				LD_RUNPATH_SEARCH_PATHS = (
					"$(inherited)",
					"@executable_path/Frameworks",
				);
				MARKETING_VERSION = 1.0;
				PRODUCT_BUNDLE_IDENTIFIER = jp.co.hotmail.lilossa.GenerateQRCodeSample;
				PRODUCT_NAME = "$(TARGET_NAME)";
				SWIFT_EMIT_LOC_STRINGS = YES;
				SWIFT_VERSION = 5.0;
				TARGETED_DEVICE_FAMILY = "1,2";
			};
			name = Release;
		};
/* End XCBuildConfiguration section */

/* Begin XCConfigurationList section */
		9763E6C028F75C99009E6E90 /* Build configuration list for PBXProject "GenerateQRCodeSample" */ = {
			isa = XCConfigurationList;
			buildConfigurations = (
				9763E6D128F75C9B009E6E90 /* Debug */,
				9763E6D228F75C9B009E6E90 /* Release */,
			);
			defaultConfigurationIsVisible = 0;
			defaultConfigurationName = Release;
		};
		9763E6D328F75C9B009E6E90 /* Build configuration list for PBXNativeTarget "GenerateQRCodeSample" */ = {
			isa = XCConfigurationList;
			buildConfigurations = (
				9763E6D428F75C9B009E6E90 /* Debug */,
				9763E6D528F75C9B009E6E90 /* Release */,
			);
			defaultConfigurationIsVisible = 0;
			defaultConfigurationName = Release;
		};
/* End XCConfigurationList section */
	};
	rootObject = 9763E6BD28F75C99009E6E90 /* Project object */;
}
